
Microsoft Visual Studio Solution File, Format Version 11.00
# Visual Studio 2010
Project("{FAE04EC0-301F-11D3-BF4B-00C04F79EFBC}") = "MyChatService", "MyChatService\MyChatService.csproj", "{D2B04B41-4BCD-453B-A749-113657A3FFDE}"
EndProject
Project("{FAE04EC0-301F-11D3-BF4B-00C04F79EFBC}") = "Common", "Common\Common.csproj", "{0728E2FB-B2F1-4E00-BC2B-F1BB216D43DD}"
EndProject
Global
	GlobalSection(SolutionConfigurationPlatforms) = preSolution
		Debug|Any CPU = Debug|Any CPU
		Release|Any CPU = Release|Any CPU
	EndGlobalSection
	GlobalSection(ProjectConfigurationPlatforms) = postSolution
		{D2B04B41-4BCD-453B-A749-113657A3FFDE}.Debug|Any CPU.ActiveCfg = Debug|Any CPU
		{D2B04B41-4BCD-453B-A749-113657A3FFDE}.Debug|Any CPU.Build.0 = Debug|Any CPU
		{D2B04B41-4BCD-453B-A749-113657A3FFDE}.Release|Any CPU.ActiveCfg = Release|Any CPU
		{D2B04B41-4BCD-453B-A749-113657A3FFDE}.Release|Any CPU.Build.0 = Release|Any CPU
		{0728E2FB-B2F1-4E00-BC2B-F1BB216D43DD}.Debug|Any CPU.ActiveCfg = Debug|Any CPU
		{0728E2FB-B2F1-4E00-BC2B-F1BB216D43DD}.Debug|Any CPU.Build.0 = Debug|Any CPU
		{0728E2FB-B2F1-4E00-BC2B-F1BB216D43DD}.Release|Any CPU.ActiveCfg = Release|Any CPU
		{0728E2FB-B2F1-4E00-BC2B-F1BB216D43DD}.Release|Any CPU.Build.0 = Release|Any CPU
	EndGlobalSection
	GlobalSection(SolutionProperties) = preSolution
		HideSolutionNode = FALSE
	EndGlobalSection
EndGlobal
