
Microsoft Visual Studio Solution File, Format Version 12.00
# Visual Studio 2013
VisualStudioVersion = 12.0.21005.1
MinimumVisualStudioVersion = 10.0.40219.1
Project("{8BC9CEB8-8B4A-11D0-8D11-00A0C91BC942}") = "GlutExample", "GlutExample\GlutExample.vcxproj", "{CBD6527B-EF7B-4E5C-AF6D-85C5B9B3ADE2}"
EndProject
Project("{8BC9CEB8-8B4A-11D0-8D11-00A0C91BC942}") = "GlutExample1", "GlutExample1\GlutExample1.vcxproj", "{A5E618B5-1E79-4D43-A236-72F903C2B08E}"
EndProject
Project("{8BC9CEB8-8B4A-11D0-8D11-00A0C91BC942}") = "GlutExample2", "GlutExample2\GlutExample2.vcxproj", "{420792AB-ED4F-4C9A-8A8B-A29C787B1CCA}"
EndProject
Project("{8BC9CEB8-8B4A-11D0-8D11-00A0C91BC942}") = "DrawCube", "DrawCube\DrawCube.vcxproj", "{34C8F1B3-785D-4455-969E-B3773DC30449}"
EndProject
Project("{8BC9CEB8-8B4A-11D0-8D11-00A0C91BC942}") = "LightingDemo", "LightingDemo\LightingDemo.vcxproj", "{714CD97E-F9C2-4594-91C1-B09B8BC09475}"
EndProject
Project("{8BC9CEB8-8B4A-11D0-8D11-00A0C91BC942}") = "DrawCubeOPP", "DrawCubeOPP\DrawCubeOPP.vcxproj", "{0D915578-E85F-4BED-AEF8-A3B8F8E5E2ED}"
EndProject
Project("{8BC9CEB8-8B4A-11D0-8D11-00A0C91BC942}") = "Nehe_L001", "Nehe_L001\Nehe_L001.vcxproj", "{176BC5C6-3D04-469C-BE77-BCBA828E56EF}"
EndProject
Project("{8BC9CEB8-8B4A-11D0-8D11-00A0C91BC942}") = "Nehe_L002", "Nehe_L002\Nehe_L002.vcxproj", "{8CE693DD-5383-4C44-AF86-BB00244B2832}"
EndProject
Project("{8BC9CEB8-8B4A-11D0-8D11-00A0C91BC942}") = "Nehe_L003", "Nehe_L003\Nehe_L003.vcxproj", "{BB89AC33-1138-492B-AE71-4781DACB0794}"
EndProject
Project("{8BC9CEB8-8B4A-11D0-8D11-00A0C91BC942}") = "Nehe_L004", "Nehe_L004\Nehe_L004.vcxproj", "{624481C9-0273-4D93-A9D5-EA2DA13C7F07}"
EndProject
Project("{8BC9CEB8-8B4A-11D0-8D11-00A0C91BC942}") = "Nehe_L005", "Nehe_L005\Nehe_L005.vcxproj", "{259DB82E-BA8C-4F93-900C-60895F746165}"
EndProject
Global
	GlobalSection(SolutionConfigurationPlatforms) = preSolution
		Debug|Win32 = Debug|Win32
		Release|Win32 = Release|Win32
	EndGlobalSection
	GlobalSection(ProjectConfigurationPlatforms) = postSolution
		{CBD6527B-EF7B-4E5C-AF6D-85C5B9B3ADE2}.Debug|Win32.ActiveCfg = Debug|Win32
		{CBD6527B-EF7B-4E5C-AF6D-85C5B9B3ADE2}.Debug|Win32.Build.0 = Debug|Win32
		{CBD6527B-EF7B-4E5C-AF6D-85C5B9B3ADE2}.Release|Win32.ActiveCfg = Release|Win32
		{CBD6527B-EF7B-4E5C-AF6D-85C5B9B3ADE2}.Release|Win32.Build.0 = Release|Win32
		{A5E618B5-1E79-4D43-A236-72F903C2B08E}.Debug|Win32.ActiveCfg = Debug|Win32
		{A5E618B5-1E79-4D43-A236-72F903C2B08E}.Debug|Win32.Build.0 = Debug|Win32
		{A5E618B5-1E79-4D43-A236-72F903C2B08E}.Release|Win32.ActiveCfg = Release|Win32
		{A5E618B5-1E79-4D43-A236-72F903C2B08E}.Release|Win32.Build.0 = Release|Win32
		{420792AB-ED4F-4C9A-8A8B-A29C787B1CCA}.Debug|Win32.ActiveCfg = Debug|Win32
		{420792AB-ED4F-4C9A-8A8B-A29C787B1CCA}.Debug|Win32.Build.0 = Debug|Win32
		{420792AB-ED4F-4C9A-8A8B-A29C787B1CCA}.Release|Win32.ActiveCfg = Release|Win32
		{420792AB-ED4F-4C9A-8A8B-A29C787B1CCA}.Release|Win32.Build.0 = Release|Win32
		{34C8F1B3-785D-4455-969E-B3773DC30449}.Debug|Win32.ActiveCfg = Debug|Win32
		{34C8F1B3-785D-4455-969E-B3773DC30449}.Debug|Win32.Build.0 = Debug|Win32
		{34C8F1B3-785D-4455-969E-B3773DC30449}.Release|Win32.ActiveCfg = Release|Win32
		{34C8F1B3-785D-4455-969E-B3773DC30449}.Release|Win32.Build.0 = Release|Win32
		{714CD97E-F9C2-4594-91C1-B09B8BC09475}.Debug|Win32.ActiveCfg = Debug|Win32
		{714CD97E-F9C2-4594-91C1-B09B8BC09475}.Debug|Win32.Build.0 = Debug|Win32
		{714CD97E-F9C2-4594-91C1-B09B8BC09475}.Release|Win32.ActiveCfg = Release|Win32
		{714CD97E-F9C2-4594-91C1-B09B8BC09475}.Release|Win32.Build.0 = Release|Win32
		{0D915578-E85F-4BED-AEF8-A3B8F8E5E2ED}.Debug|Win32.ActiveCfg = Debug|Win32
		{0D915578-E85F-4BED-AEF8-A3B8F8E5E2ED}.Debug|Win32.Build.0 = Debug|Win32
		{0D915578-E85F-4BED-AEF8-A3B8F8E5E2ED}.Release|Win32.ActiveCfg = Release|Win32
		{0D915578-E85F-4BED-AEF8-A3B8F8E5E2ED}.Release|Win32.Build.0 = Release|Win32
		{176BC5C6-3D04-469C-BE77-BCBA828E56EF}.Debug|Win32.ActiveCfg = Debug|Win32
		{176BC5C6-3D04-469C-BE77-BCBA828E56EF}.Debug|Win32.Build.0 = Debug|Win32
		{176BC5C6-3D04-469C-BE77-BCBA828E56EF}.Release|Win32.ActiveCfg = Release|Win32
		{176BC5C6-3D04-469C-BE77-BCBA828E56EF}.Release|Win32.Build.0 = Release|Win32
		{8CE693DD-5383-4C44-AF86-BB00244B2832}.Debug|Win32.ActiveCfg = Debug|Win32
		{8CE693DD-5383-4C44-AF86-BB00244B2832}.Debug|Win32.Build.0 = Debug|Win32
		{8CE693DD-5383-4C44-AF86-BB00244B2832}.Release|Win32.ActiveCfg = Release|Win32
		{8CE693DD-5383-4C44-AF86-BB00244B2832}.Release|Win32.Build.0 = Release|Win32
		{BB89AC33-1138-492B-AE71-4781DACB0794}.Debug|Win32.ActiveCfg = Debug|Win32
		{BB89AC33-1138-492B-AE71-4781DACB0794}.Debug|Win32.Build.0 = Debug|Win32
		{BB89AC33-1138-492B-AE71-4781DACB0794}.Release|Win32.ActiveCfg = Release|Win32
		{BB89AC33-1138-492B-AE71-4781DACB0794}.Release|Win32.Build.0 = Release|Win32
		{624481C9-0273-4D93-A9D5-EA2DA13C7F07}.Debug|Win32.ActiveCfg = Debug|Win32
		{624481C9-0273-4D93-A9D5-EA2DA13C7F07}.Debug|Win32.Build.0 = Debug|Win32
		{624481C9-0273-4D93-A9D5-EA2DA13C7F07}.Release|Win32.ActiveCfg = Release|Win32
		{624481C9-0273-4D93-A9D5-EA2DA13C7F07}.Release|Win32.Build.0 = Release|Win32
		{259DB82E-BA8C-4F93-900C-60895F746165}.Debug|Win32.ActiveCfg = Debug|Win32
		{259DB82E-BA8C-4F93-900C-60895F746165}.Debug|Win32.Build.0 = Debug|Win32
		{259DB82E-BA8C-4F93-900C-60895F746165}.Release|Win32.ActiveCfg = Release|Win32
		{259DB82E-BA8C-4F93-900C-60895F746165}.Release|Win32.Build.0 = Release|Win32
	EndGlobalSection
	GlobalSection(SolutionProperties) = preSolution
		HideSolutionNode = FALSE
	EndGlobalSection
EndGlobal
